{
  "name": "colors",
  "version": "0.1.0",
  "lockfileVersion": 1,
  "requires": true,
  "dependencies": {
    "hex-rgb": {
      "version": "3.0.0",
      "resolved": "https://registry.npmjs.org/hex-rgb/-/hex-rgb-3.0.0.tgz",
      "integrity": "sha512-iWOUTZu7KQGhErV8JfTQDH5F/M2D0HVd0sexS4Grg4e4RYAiN3c4jfpPqKgfedqeebKcNZBl2z3zlgCtFjpFJQ=="
    },
    "js-tokens": {
      "version": "4.0.0",
      "resolved": "https://registry.npmjs.org/js-tokens/-/js-tokens-4.0.0.tgz",
      "integrity": "sha512-RdJUflcE3cUzKiMqQgsCu06FPu9UdIJO0beYbPhHN4k6apgJtifcoCtT9bcxOpYBtpD2kCM6Sbzg4CausW/PKQ=="
    },
    "loose-envify": {
      "version": "1.4.0",
      "resolved": "https://registry.npmjs.org/loose-envify/-/loose-envify-1.4.0.tgz",
      "integrity": "sha512-lyuxPGr/Wfhrlem2CL/UcnUc1zcqKAImBDzukY7Y5F/yQiNdko6+fRLevlw1HgMySw7f611UIY408EtxRSoK3Q==",
      "requires": {
        "js-tokens": "4.0.0"
      }
    },
    "object-assign": {
      "version": "4.1.1",
      "resolved": "https://registry.npmjs.org/object-assign/-/object-assign-4.1.1.tgz",
      "integrity": "sha1-IQmtx5ZYh8/AXLvUQsrIv7s2CGM="
    },
    "prop-types": {
      "version": "15.6.2",
      "resolved": "https://registry.npmjs.org/prop-types/-/prop-types-15.6.2.tgz",
      "integrity": "sha512-3pboPvLiWD7dkI3qf3KbUe6hKFKa52w+AE0VCqECtf+QHAKgOL37tTaNCnuX1nAAQ4ZhyP+kYVKf8rLmJ/feDQ==",
      "requires": {
        "loose-envify": "1.4.0",
        "object-assign": "4.1.1"
      }
    },
    "react": {
      "version": "16.7.0-alpha.0",
      "resolved": "https://registry.npmjs.org/react/-/react-16.7.0-alpha.0.tgz",
      "integrity": "sha512-V0za4H01aoAF0SdzahHepvfvzTQ1xxkgMX4z8uKzn+wzZAlVk0IVpleqyxZWluqmdftNedj6fIIZRO/rVYVFvQ==",
      "requires": {
        "loose-envify": "1.4.0",
        "object-assign": "4.1.1",
        "prop-types": "15.6.2",
        "scheduler": "0.11.0"
      }
    },
    "rgb-hex": {
      "version": "2.1.0",
      "resolved": "https://registry.npmjs.org/rgb-hex/-/rgb-hex-2.1.0.tgz",
      "integrity": "sha1-x3PF/iJoolV42SU5qCp6XOU77aY="
    },
    "scheduler": {
      "version": "0.11.0",
      "resolved": "https://registry.npmjs.org/scheduler/-/scheduler-0.11.0.tgz",
      "integrity": "sha512-MAYbBfmiEHxF0W+c4CxMpEqMYK+rYF584VP/qMKSiHM6lTkBKKYOJaDiSILpJHla6hBOsVd6GucPL46o2Uq3sg==",
      "requires": {
        "loose-envify": "1.4.0",
        "object-assign": "4.1.1"
      }
    }
  }
}
